
Microsoft Visual Studio Solution File, Format Version 12.00
# Visual Studio Version 17
VisualStudioVersion = 17.6.33513.286
MinimumVisualStudioVersion = 10.0.40219.1
Project("{FAE04EC0-301F-11D3-BF4B-00C04F79EFBC}") = "BackendApplication", "BackendApplication\BackendApplication.csproj", "{DDF8EF62-3116-46A4-B00D-A402D2DA9F83}"
EndProject
Global
	GlobalSection(SolutionConfigurationPlatforms) = preSolution
		Debug|Any CPU = Debug|Any CPU
		Release|Any CPU = Release|Any CPU
	EndGlobalSection
	GlobalSection(ProjectConfigurationPlatforms) = postSolution
		{DDF8EF62-3116-46A4-B00D-A402D2DA9F83}.Debug|Any CPU.ActiveCfg = Debug|Any CPU
		{DDF8EF62-3116-46A4-B00D-A402D2DA9F83}.Debug|Any CPU.Build.0 = Debug|Any CPU
		{DDF8EF62-3116-46A4-B00D-A402D2DA9F83}.Release|Any CPU.ActiveCfg = Release|Any CPU
		{DDF8EF62-3116-46A4-B00D-A402D2DA9F83}.Release|Any CPU.Build.0 = Release|Any CPU
	EndGlobalSection
	GlobalSection(SolutionProperties) = preSolution
		HideSolutionNode = FALSE
	EndGlobalSection
	GlobalSection(ExtensibilityGlobals) = postSolution
		SolutionGuid = {EA8B3C8E-A69A-4DCA-B908-7D3F4392D32B}
	EndGlobalSection
EndGlobal
